
Microsoft Visual Studio Solution File, Format Version 11.00
# Visual Studio 2010
Project("{FAE04EC0-301F-11D3-BF4B-00C04F79EFBC}") = "ProjetoZoo", "Assembly-CSharp.csproj", "{DDAF1F00-D11D-3E77-99D9-D12EC662331E}"
EndProject
Project("{FAE04EC0-301F-11D3-BF4B-00C04F79EFBC}") = "ProjetoZoo", "Assembly-CSharp-Editor.csproj", "{C275E95F-10C7-1EC7-0439-D3ED12E4F81B}"
EndProject
Global
	GlobalSection(SolutionConfigurationPlatforms) = preSolution
		Debug|Any CPU = Debug|Any CPU
		Release|Any CPU = Release|Any CPU
	EndGlobalSection
	GlobalSection(ProjectConfigurationPlatforms) = postSolution
		{DDAF1F00-D11D-3E77-99D9-D12EC662331E}.Debug|Any CPU.ActiveCfg = Debug|Any CPU
		{DDAF1F00-D11D-3E77-99D9-D12EC662331E}.Debug|Any CPU.Build.0 = Debug|Any CPU
		{DDAF1F00-D11D-3E77-99D9-D12EC662331E}.Release|Any CPU.ActiveCfg = Release|Any CPU
		{DDAF1F00-D11D-3E77-99D9-D12EC662331E}.Release|Any CPU.Build.0 = Release|Any CPU
		{C275E95F-10C7-1EC7-0439-D3ED12E4F81B}.Debug|Any CPU.ActiveCfg = Debug|Any CPU
		{C275E95F-10C7-1EC7-0439-D3ED12E4F81B}.Debug|Any CPU.Build.0 = Debug|Any CPU
		{C275E95F-10C7-1EC7-0439-D3ED12E4F81B}.Release|Any CPU.ActiveCfg = Release|Any CPU
		{C275E95F-10C7-1EC7-0439-D3ED12E4F81B}.Release|Any CPU.Build.0 = Release|Any CPU
	EndGlobalSection
	GlobalSection(SolutionProperties) = preSolution
		HideSolutionNode = FALSE
	EndGlobalSection
	GlobalSection(MonoDevelopProperties) = preSolution
		StartupItem = Assembly-CSharp.csproj
	EndGlobalSection
EndGlobal
